lockfileVersion: '9.0'

settings:
  autoInstallPeers: true
  excludeLinksFromLockfile: false

importers:
  .:
    dependencies:
      '@auth/prisma-adapter':
        specifier: 2.11.1
      '@prisma/adapter-pg':
        specifier: 7.8.0
      '@prisma/client':
        specifier: 7.8.0
      class-variance-authority:
        specifier: 0.7.1
      clsx:
        specifier: 2.1.1
      dotenv:
        specifier: 17.2.3
      next:
        specifier: 16.2.7
      next-auth:
        specifier: 4.24.14
      pg:
        specifier: 8.16.3
      react:
        specifier: 19.2.7
      react-dom:
        specifier: 19.2.7
      tailwind-merge:
        specifier: 3.3.1
      zod:
        specifier: 4.1.12
    devDependencies:
      '@playwright/test':
        specifier: 1.60.0
      '@tailwindcss/postcss':
        specifier: 4.3.0
      '@types/node':
        specifier: 24.10.1
      '@types/pg':
        specifier: 8.15.6
      '@types/react':
        specifier: 19.2.6
      '@types/react-dom':
        specifier: 19.2.3
      eslint:
        specifier: 9.39.1
      eslint-config-next:
        specifier: 16.2.7
      prisma:
        specifier: 7.8.0
      shadcn:
        specifier: 4.10.0
      tailwindcss:
        specifier: 4.3.0
      tsx:
        specifier: 4.21.0
      typescript:
        specifier: 5.9.3
